github.com/caarlos0/sshmarshal v0.1.0 h1:zTCZrDORFfWh526Tsb7vCm3+Yg/SfW/Ub8aQDeosk0I=
github.com/caarlos0/sshmarshal v0.1.0/go.mod h1:7Pd/0mmq9x/JCzKauogNjSQEhivBclCQHfr9dlpDIyA=
github.com/caarlos0/sync v0.0.1 h1:RJSYzxc2d9dym9ftc2V4Z5KcCBwqxyjLRiNGHno/0rY=
github.com/caarlos0/sync v0.0.1/go.mod h1:l0MiCF/ShK8f4ltZq6mZ1ynVl6QCL509vJkqqj5PyRA=
github.com/charmbracelet/keygen v0.4.3 h1:ywOZRwkDlpmkawl0BgLTxaYWDSqp6Y4nfVVmgyyO1Mg=
github.com/charmbracelet/keygen v0.4.3/go.mod h1:4e4FT3HSdLU/u83RfJWvzJIaVb8aX4MxtDlfXwpDJaI=
golang.org/x/crypto v0.11.0 h1:6Ewdq3tDic1mg5xRO4milcWCfMVQhI4NkqWWvqejpuA=
golang.org/x/crypto v0.11.0/go.mod h1:xgJhtzW8F9jGdVFWZESrid1U1bjeNy4zgy5cRr/CIio=
golang.org/x/sys v0.10.0 h1:SqMFp9UcQJZa+pmYuAKjd9xq1f0j5rLcDIk0mj4qAsA=
golang.org/x/sys v0.10.0/go.mod h1:oPkhp1MJrh7nUepCBck5+mAzfO9JrbApNNgaTdGDITg=
golang.org/x/term v0.10.0 h1:3R7pNqamzBraeqj/Tj8qt1aQ2HpmlC+Cx/qL/7hn4/c=
