github.com/caarlos0/sync v0.0.1 h1:RJSYzxc2d9dym9ftc2V4Z5KcCBwqxyjLRiNGHno/0rY=
github.com/caarlos0/sync v0.0.1/go.mod h1:l0MiCF/ShK8f4ltZq6mZ1ynVl6QCL509vJkqqj5PyRA=
github.com/charmbracelet/keygen v0.5.0 h1:XY0fsoYiCSM9axkrU+2ziE6u6YjJulo/b9Dghnw6MZc=
github.com/charmbracelet/keygen v0.5.0/go.mod h1:DfvCgLHxZ9rJxdK0DGw3C/LkV4SgdGbnliHcObV3L+8=
golang.org/x/crypto v0.14.0 h1:wBqGXzWJW6m1XrIKlAH0Hs1JJ7+9KBwnIO8v66Q9cHc=
golang.org/x/crypto v0.14.0/go.mod h1:MVFd36DqK4CsrnJYDkBA3VC4m2GkXAM0PvzMCn4JQf4=
golang.org/x/sys v0.13.0 h1:Af8nKPmuFypiUBjVoU9V20FiaFXOcuZI21p0ycVYYGE=
golang.org/x/sys v0.13.0/go.mod h1:oPkhp1MJrh7nUepCBck5+mAzfO9JrbApNNgaTdGDITg=
golang.org/x/term v0.13.0 h1:bb+I9cTfFazGW51MZqBVmZy7+JEJMouUHTUSKVQLBek=
